
Microsoft Visual Studio Solution File, Format Version 12.00
# Visual Studio 2013
VisualStudioVersion = 12.0.31101.0
MinimumVisualStudioVersion = 10.0.40219.1
Project("{2150E333-8FDC-42A3-9474-1A3956D46DE8}") = "Application", "Application", "{9BB50B24-ADC6-4C5B-90CD-7CE7C47F3122}"
EndProject
Project("{2150E333-8FDC-42A3-9474-1A3956D46DE8}") = "Model", "Model", "{3F3BAC0E-48C8-4C40-88E9-06F937ADAB40}"
EndProject
Project("{2150E333-8FDC-42A3-9474-1A3956D46DE8}") = "Infrastructure", "Infrastructure", "{3D7AE5EB-3156-401E-AA74-1FAE5B577709}"
EndProject
Project("{2150E333-8FDC-42A3-9474-1A3956D46DE8}") = "Presentation", "Presentation", "{89658C47-251E-4F41-8B00-56E00BBA1F69}"
EndProject
Project("{FAE04EC0-301F-11D3-BF4B-00C04F79EFBC}") = "WebAPI.Application", "app\WebAPI.Application\WebAPI.Application.csproj", "{FF7F08F6-6144-4A74-B191-7015986BF49D}"
EndProject
Project("{FAE04EC0-301F-11D3-BF4B-00C04F79EFBC}") = "WebAPI.Core", "app\WebAPI.Core\WebAPI.Core.csproj", "{B921738E-B63C-4653-AFB1-CB50E284A639}"
EndProject
Project("{FAE04EC0-301F-11D3-BF4B-00C04F79EFBC}") = "WebAPI.IoC", "app\WebAPI.IoC\WebAPI.IoC.csproj", "{4AB1DAE0-494E-4045-8F11-4E6006E1655A}"
EndProject
Project("{FAE04EC0-301F-11D3-BF4B-00C04F79EFBC}") = "WebAPI.Data", "app\WebAPI.Data\WebAPI.Data.csproj", "{DEA771FC-7FF2-45E1-9756-DE076BCCF65F}"
EndProject
Project("{FAE04EC0-301F-11D3-BF4B-00C04F79EFBC}") = "WebAPI.API", "app\WebAPI.API\WebAPI.API.csproj", "{FF47D43D-5524-4189-8D81-BA8532C22F1F}"
EndProject
Project("{2150E333-8FDC-42A3-9474-1A3956D46DE8}") = "Establishment", "Establishment", "{F23E8786-57F6-4B45-9DE0-D600390D208D}"
EndProject
Project("{FAE04EC0-301F-11D3-BF4B-00C04F79EFBC}") = "SharedKernel", "app\SharedKernel\SharedKernel.csproj", "{9A90DC68-4339-418F-B350-7A4F08E44A4D}"
EndProject
Project("{FAE04EC0-301F-11D3-BF4B-00C04F79EFBC}") = "WebApi.Services", "app\WebApi.Services\WebApi.Services.csproj", "{AC8643B0-A351-4D71-9ADC-8216D9AFB002}"
EndProject
Project("{FAE04EC0-301F-11D3-BF4B-00C04F79EFBC}") = "WebAPI.Tests", "app\WebAPI.Tests\WebAPI.Tests.csproj", "{FE5C566C-02D2-48BA-8D03-20935EFEEBB3}"
EndProject
Global
	GlobalSection(SolutionConfigurationPlatforms) = preSolution
		Debug|Any CPU = Debug|Any CPU
		Release|Any CPU = Release|Any CPU
	EndGlobalSection
	GlobalSection(ProjectConfigurationPlatforms) = postSolution
		{FF7F08F6-6144-4A74-B191-7015986BF49D}.Debug|Any CPU.ActiveCfg = Debug|Any CPU
		{FF7F08F6-6144-4A74-B191-7015986BF49D}.Debug|Any CPU.Build.0 = Debug|Any CPU
		{FF7F08F6-6144-4A74-B191-7015986BF49D}.Release|Any CPU.ActiveCfg = Release|Any CPU
		{FF7F08F6-6144-4A74-B191-7015986BF49D}.Release|Any CPU.Build.0 = Release|Any CPU
		{B921738E-B63C-4653-AFB1-CB50E284A639}.Debug|Any CPU.ActiveCfg = Debug|Any CPU
		{B921738E-B63C-4653-AFB1-CB50E284A639}.Debug|Any CPU.Build.0 = Debug|Any CPU
		{B921738E-B63C-4653-AFB1-CB50E284A639}.Release|Any CPU.ActiveCfg = Release|Any CPU
		{B921738E-B63C-4653-AFB1-CB50E284A639}.Release|Any CPU.Build.0 = Release|Any CPU
		{4AB1DAE0-494E-4045-8F11-4E6006E1655A}.Debug|Any CPU.ActiveCfg = Debug|Any CPU
		{4AB1DAE0-494E-4045-8F11-4E6006E1655A}.Debug|Any CPU.Build.0 = Debug|Any CPU
		{4AB1DAE0-494E-4045-8F11-4E6006E1655A}.Release|Any CPU.ActiveCfg = Release|Any CPU
		{4AB1DAE0-494E-4045-8F11-4E6006E1655A}.Release|Any CPU.Build.0 = Release|Any CPU
		{DEA771FC-7FF2-45E1-9756-DE076BCCF65F}.Debug|Any CPU.ActiveCfg = Debug|Any CPU
		{DEA771FC-7FF2-45E1-9756-DE076BCCF65F}.Debug|Any CPU.Build.0 = Debug|Any CPU
		{DEA771FC-7FF2-45E1-9756-DE076BCCF65F}.Release|Any CPU.ActiveCfg = Release|Any CPU
		{DEA771FC-7FF2-45E1-9756-DE076BCCF65F}.Release|Any CPU.Build.0 = Release|Any CPU
		{FF47D43D-5524-4189-8D81-BA8532C22F1F}.Debug|Any CPU.ActiveCfg = Debug|Any CPU
		{FF47D43D-5524-4189-8D81-BA8532C22F1F}.Debug|Any CPU.Build.0 = Debug|Any CPU
		{FF47D43D-5524-4189-8D81-BA8532C22F1F}.Release|Any CPU.ActiveCfg = Release|Any CPU
		{FF47D43D-5524-4189-8D81-BA8532C22F1F}.Release|Any CPU.Build.0 = Release|Any CPU
		{9A90DC68-4339-418F-B350-7A4F08E44A4D}.Debug|Any CPU.ActiveCfg = Debug|Any CPU
		{9A90DC68-4339-418F-B350-7A4F08E44A4D}.Debug|Any CPU.Build.0 = Debug|Any CPU
		{9A90DC68-4339-418F-B350-7A4F08E44A4D}.Release|Any CPU.ActiveCfg = Release|Any CPU
		{9A90DC68-4339-418F-B350-7A4F08E44A4D}.Release|Any CPU.Build.0 = Release|Any CPU
		{AC8643B0-A351-4D71-9ADC-8216D9AFB002}.Debug|Any CPU.ActiveCfg = Debug|Any CPU
		{AC8643B0-A351-4D71-9ADC-8216D9AFB002}.Debug|Any CPU.Build.0 = Debug|Any CPU
		{AC8643B0-A351-4D71-9ADC-8216D9AFB002}.Release|Any CPU.ActiveCfg = Release|Any CPU
		{AC8643B0-A351-4D71-9ADC-8216D9AFB002}.Release|Any CPU.Build.0 = Release|Any CPU
		{FE5C566C-02D2-48BA-8D03-20935EFEEBB3}.Debug|Any CPU.ActiveCfg = Debug|Any CPU
		{FE5C566C-02D2-48BA-8D03-20935EFEEBB3}.Debug|Any CPU.Build.0 = Debug|Any CPU
		{FE5C566C-02D2-48BA-8D03-20935EFEEBB3}.Release|Any CPU.ActiveCfg = Release|Any CPU
		{FE5C566C-02D2-48BA-8D03-20935EFEEBB3}.Release|Any CPU.Build.0 = Release|Any CPU
	EndGlobalSection
	GlobalSection(SolutionProperties) = preSolution
		HideSolutionNode = FALSE
	EndGlobalSection
	GlobalSection(NestedProjects) = preSolution
		{9BB50B24-ADC6-4C5B-90CD-7CE7C47F3122} = {F23E8786-57F6-4B45-9DE0-D600390D208D}
		{3F3BAC0E-48C8-4C40-88E9-06F937ADAB40} = {F23E8786-57F6-4B45-9DE0-D600390D208D}
		{3D7AE5EB-3156-401E-AA74-1FAE5B577709} = {F23E8786-57F6-4B45-9DE0-D600390D208D}
		{FF7F08F6-6144-4A74-B191-7015986BF49D} = {9BB50B24-ADC6-4C5B-90CD-7CE7C47F3122}
		{B921738E-B63C-4653-AFB1-CB50E284A639} = {3F3BAC0E-48C8-4C40-88E9-06F937ADAB40}
		{4AB1DAE0-494E-4045-8F11-4E6006E1655A} = {3D7AE5EB-3156-401E-AA74-1FAE5B577709}
		{DEA771FC-7FF2-45E1-9756-DE076BCCF65F} = {3D7AE5EB-3156-401E-AA74-1FAE5B577709}
		{FF47D43D-5524-4189-8D81-BA8532C22F1F} = {89658C47-251E-4F41-8B00-56E00BBA1F69}
		{AC8643B0-A351-4D71-9ADC-8216D9AFB002} = {3D7AE5EB-3156-401E-AA74-1FAE5B577709}
		{FE5C566C-02D2-48BA-8D03-20935EFEEBB3} = {3F3BAC0E-48C8-4C40-88E9-06F937ADAB40}
	EndGlobalSection
EndGlobal
